
Microsoft Visual Studio Solution File, Format Version 12.00
# Visual Studio 15
VisualStudioVersion = 15.0.28307.1401
MinimumVisualStudioVersion = 10.0.40219.1
Project("{FAE04EC0-301F-11D3-BF4B-00C04F79EFBC}") = "CargoProject", "CargoProject\CargoProject.csproj", "{859BA73E-088E-4E85-AF02-2D3363EC492F}"
EndProject
Global
	GlobalSection(SolutionConfigurationPlatforms) = preSolution
		Debug|Any CPU = Debug|Any CPU
		Release|Any CPU = Release|Any CPU
	EndGlobalSection
	GlobalSection(ProjectConfigurationPlatforms) = postSolution
		{859BA73E-088E-4E85-AF02-2D3363EC492F}.Debug|Any CPU.ActiveCfg = Debug|Any CPU
		{859BA73E-088E-4E85-AF02-2D3363EC492F}.Debug|Any CPU.Build.0 = Debug|Any CPU
		{859BA73E-088E-4E85-AF02-2D3363EC492F}.Release|Any CPU.ActiveCfg = Release|Any CPU
		{859BA73E-088E-4E85-AF02-2D3363EC492F}.Release|Any CPU.Build.0 = Release|Any CPU
	EndGlobalSection
	GlobalSection(SolutionProperties) = preSolution
		HideSolutionNode = FALSE
	EndGlobalSection
	GlobalSection(ExtensibilityGlobals) = postSolution
		SolutionGuid = {D22D81D2-919C-47AC-AE14-31DA62893454}
	EndGlobalSection
EndGlobal
